{
  "name": "vscode-html-languageserver",
  "version": "1.0.0",
  "lockfileVersion": 1,
  "requires": true,
  "dependencies": {
    "@emmetio/extract-abbreviation": {
      "version": "0.1.4",
      "resolved": "http://registry.npm.taobao.org/@emmetio/extract-abbreviation/download/@emmetio/extract-abbreviation-0.1.4.tgz",
      "integrity": "sha1-9b4HDbl5AezDflIE8qzmgkLNzvo="
    },
    "@types/mocha": {
      "version": "2.2.33",
      "resolved": "http://registry.npm.taobao.org/@types/mocha/download/@types/mocha-2.2.33.tgz",
      "integrity": "sha1-15oAYewnA3n02eIl9AlvtDZmne8=",
      "dev": true
    },
    "@types/node": {
      "version": "7.0.43",
      "resolved": "http://registry.npm.taobao.org/@types/node/download/@types/node-7.0.43.tgz",
      "integrity": "sha1-oYfghJWgdfIAypRgeckU4aX+liw=",
      "dev": true
    },
    "jsonc-parser": {
      "version": "1.0.1",
      "resolved": "http://registry.npm.taobao.org/jsonc-parser/download/jsonc-parser-1.0.1.tgz",
      "integrity": "sha1-f48pZBTm58SjO55JFPyMR+RCFnU="
    },
    "typescript": {
      "version": "2.7.1",
      "resolved": "https://registry.npmjs.org/typescript/-/typescript-2.7.1.tgz",
      "integrity": "sha512-bqB1yS6o9TNA9ZC/MJxM0FZzPnZdtHj0xWK/IZ5khzVqdpGul/R/EIiHRgFXlwTD7PSIaYVnGKq1QgMCu2mnqw=="
    },
    "vscode-css-languageservice": {
      "version": "3.0.6",
      "resolved": "http://registry.npm.taobao.org/vscode-css-languageservice/download/vscode-css-languageservice-3.0.6.tgz",
      "integrity": "sha1-DpIwNHBAugFh+6lBiFGVIV7JvkA=",
      "requires": {
        "vscode-languageserver-types": "3.6.0-next.1",
        "vscode-nls": "2.0.2"
      },
      "dependencies": {
        "vscode-nls": {
          "version": "2.0.2",
          "resolved": "http://registry.npm.taobao.org/vscode-nls/download/vscode-nls-2.0.2.tgz",
          "integrity": "sha1-gIUiOAhEuK0VNJmvXDsDkhrqAto="
        }
      }
    },
    "vscode-emmet-helper": {
      "version": "1.1.36",
      "resolved": "http://registry.npm.taobao.org/vscode-emmet-helper/download/vscode-emmet-helper-1.1.36.tgz",
      "integrity": "sha1-U3y/kQQaPUJvbyTdmDRVCibmFoU=",
      "requires": {
        "@emmetio/extract-abbreviation": "0.1.4",
        "jsonc-parser": "1.0.1",
        "vscode-languageserver-types": "3.6.0-next.1"
      }
    },
    "vscode-html-languageservice": {
      "version": "2.0.16",
      "resolved": "http://registry.npm.taobao.org/vscode-html-languageservice/download/vscode-html-languageservice-2.0.16.tgz",
      "integrity": "sha1-216DB8rd7cGs21of/7kZu5oRhMs=",
      "requires": {
        "vscode-languageserver-types": "3.6.0-next.1",
        "vscode-nls": "2.0.2",
        "vscode-uri": "1.0.1"
      },
      "dependencies": {
        "vscode-nls": {
          "version": "2.0.2",
          "resolved": "http://registry.npm.taobao.org/vscode-nls/download/vscode-nls-2.0.2.tgz",
          "integrity": "sha1-gIUiOAhEuK0VNJmvXDsDkhrqAto="
        }
      }
    },
    "vscode-jsonrpc": {
      "version": "3.6.0-next.1",
      "resolved": "http://registry.npm.taobao.org/vscode-jsonrpc/download/vscode-jsonrpc-3.6.0-next.1.tgz",
      "integrity": "sha1-PLRj3/5YQtauwWcYypJScIzWqr4="
    },
    "vscode-languageserver": {
      "version": "4.0.0-next.4",
      "resolved": "http://registry.npm.taobao.org/vscode-languageserver/download/vscode-languageserver-4.0.0-next.4.tgz",
      "integrity": "sha1-FiRAsVvtqrB+FnbwRuTZuFeLPZI=",
      "requires": {
        "vscode-languageserver-protocol": "3.6.0-next.5",
        "vscode-uri": "1.0.1"
      }
    },
    "vscode-languageserver-protocol": {
      "version": "3.6.0-next.5",
      "resolved": "http://registry.npm.taobao.org/vscode-languageserver-protocol/download/vscode-languageserver-protocol-3.6.0-next.5.tgz",
      "integrity": "sha1-7S7C23WYJvdTwKE5d9+yvtxNMbM=",
      "requires": {
        "vscode-jsonrpc": "3.6.0-next.1",
        "vscode-languageserver-types": "3.6.0-next.1"
      }
    },
    "vscode-languageserver-types": {
      "version": "3.6.0-next.1",
      "resolved": "http://registry.npm.taobao.org/vscode-languageserver-types/download/vscode-languageserver-types-3.6.0-next.1.tgz",
      "integrity": "sha1-mOSI0/h7ZmtO4aPYnwAj4kbTWPM="
    },
    "vscode-nls": {
      "version": "3.2.1",
      "resolved": "http://registry.npm.taobao.org/vscode-nls/download/vscode-nls-3.2.1.tgz",
      "integrity": "sha1-sfPgToqUpxXVp7y8gznFHm10ylE="
    },
    "vscode-uri": {
      "version": "1.0.1",
      "resolved": "http://registry.npm.taobao.org/vscode-uri/download/vscode-uri-1.0.1.tgz",
      "integrity": "sha1-Eahr7+rDxKo+wIYjZRo8gabQu8g="
    }
  }
}
