{
  "name": "vscode-html-languageserver",
  "version": "1.0.0",
  "lockfileVersion": 1,
  "requires": true,
  "dependencies": {
    "@emmetio/extract-abbreviation": {
      "version": "0.1.4",
      "resolved": "http://registry.npm.taobao.org/@emmetio/extract-abbreviation/download/@emmetio/extract-abbreviation-0.1.4.tgz",
      "integrity": "sha1-9b4HDbl5AezDflIE8qzmgkLNzvo="
    },
    "@types/mocha": {
      "version": "2.2.33",
      "resolved": "http://registry.npm.taobao.org/@types/mocha/download/@types/mocha-2.2.33.tgz",
      "integrity": "sha1-15oAYewnA3n02eIl9AlvtDZmne8=",
      "dev": true
    },
    "@types/node": {
      "version": "7.0.43",
      "resolved": "http://registry.npm.taobao.org/@types/node/download/@types/node-7.0.43.tgz",
      "integrity": "sha1-oYfghJWgdfIAypRgeckU4aX+liw=",
      "dev": true
    },
    "jsonc-parser": {
      "version": "1.0.1",
      "resolved": "http://registry.npm.taobao.org/jsonc-parser/download/jsonc-parser-1.0.1.tgz",
      "integrity": "sha1-f48pZBTm58SjO55JFPyMR+RCFnU="
    },
    "typescript": {
      "version": "2.7.1",
      "resolved": "https://registry.npmjs.org/typescript/-/typescript-2.7.1.tgz",
      "integrity": "sha512-bqB1yS6o9TNA9ZC/MJxM0FZzPnZdtHj0xWK/IZ5khzVqdpGul/R/EIiHRgFXlwTD7PSIaYVnGKq1QgMCu2mnqw=="
    },
    "vscode-css-languageservice": {
      "version": "3.0.13",
      "resolved": "https://registry.npmjs.org/vscode-css-languageservice/-/vscode-css-languageservice-3.0.13.tgz",
      "integrity": "sha512-RWkO/c/A7iXhHEy3OuEqkCqavDjpD4NF2Ca8vjai+ZtEYNeHrm1ybTnBYLP4Ft1uXvvaaVtYA9HrDjD6+CUONg==",
      "requires": {
        "vscode-languageserver-types": "^3.13.0",
        "vscode-nls": "^4.0.0"
      },
      "dependencies": {
        "vscode-nls": {
          "version": "4.1.0",
          "resolved": "https://registry.npmjs.org/vscode-nls/-/vscode-nls-4.1.0.tgz",
          "integrity": "sha512-zKsFWVzL1wlCezgaI3XiN42IT8DIPM1Qr+G+RBhiU3U0bJCdC8pPELakRCtuVT4wF3gBZjBrUDQ8mowL7hmgwA=="
        }
      }
    },
    "vscode-emmet-helper": {
      "version": "1.1.36",
      "resolved": "http://registry.npm.taobao.org/vscode-emmet-helper/download/vscode-emmet-helper-1.1.36.tgz",
      "integrity": "sha1-U3y/kQQaPUJvbyTdmDRVCibmFoU=",
      "requires": {
        "@emmetio/extract-abbreviation": "^0.1.4",
        "jsonc-parser": "^1.0.0",
        "vscode-languageserver-types": "^3.6.0-next.1"
      }
    },
    "vscode-html-languageservice": {
      "version": "2.1.12",
      "resolved": "https://registry.npmjs.org/vscode-html-languageservice/-/vscode-html-languageservice-2.1.12.tgz",
      "integrity": "sha512-mIb5VMXM5jI97HzCk2eadI1K//rCEZXte0wBqA7PGXsyJH4KTyJUaYk9MR+mbfpUl2vMi3HZw9GUOLGYLc6l5w==",
      "requires": {
        "vscode-languageserver-types": "^3.13.0",
        "vscode-nls": "^4.0.0",
        "vscode-uri": "^1.0.6"
      },
      "dependencies": {
        "vscode-nls": {
          "version": "4.1.0",
          "resolved": "https://registry.npmjs.org/vscode-nls/-/vscode-nls-4.1.0.tgz",
          "integrity": "sha512-zKsFWVzL1wlCezgaI3XiN42IT8DIPM1Qr+G+RBhiU3U0bJCdC8pPELakRCtuVT4wF3gBZjBrUDQ8mowL7hmgwA=="
        }
      }
    },
    "vscode-jsonrpc": {
      "version": "3.6.0-next.1",
      "resolved": "http://registry.npm.taobao.org/vscode-jsonrpc/download/vscode-jsonrpc-3.6.0-next.1.tgz",
      "integrity": "sha1-PLRj3/5YQtauwWcYypJScIzWqr4="
    },
    "vscode-languageserver": {
      "version": "4.0.0-next.4",
      "resolved": "http://registry.npm.taobao.org/vscode-languageserver/download/vscode-languageserver-4.0.0-next.4.tgz",
      "integrity": "sha1-FiRAsVvtqrB+FnbwRuTZuFeLPZI=",
      "requires": {
        "vscode-languageserver-protocol": "^3.6.0-next.5",
        "vscode-uri": "^1.0.1"
      }
    },
    "vscode-languageserver-protocol": {
      "version": "3.6.0-next.5",
      "resolved": "http://registry.npm.taobao.org/vscode-languageserver-protocol/download/vscode-languageserver-protocol-3.6.0-next.5.tgz",
      "integrity": "sha1-7S7C23WYJvdTwKE5d9+yvtxNMbM=",
      "requires": {
        "vscode-jsonrpc": "^3.6.0-next.1",
        "vscode-languageserver-types": "^3.6.0-next.1"
      }
    },
    "vscode-languageserver-types": {
      "version": "3.14.0",
      "resolved": "https://registry.npmjs.org/vscode-languageserver-types/-/vscode-languageserver-types-3.14.0.tgz",
      "integrity": "sha512-lTmS6AlAlMHOvPQemVwo3CezxBp0sNB95KNPkqp3Nxd5VFEnuG1ByM0zlRWos0zjO3ZWtkvhal0COgiV1xIA4A=="
    },
    "vscode-nls": {
      "version": "3.2.1",
      "resolved": "http://registry.npm.taobao.org/vscode-nls/download/vscode-nls-3.2.1.tgz",
      "integrity": "sha1-sfPgToqUpxXVp7y8gznFHm10ylE="
    },
    "vscode-uri": {
      "version": "1.0.6",
      "resolved": "https://registry.npmjs.org/vscode-uri/-/vscode-uri-1.0.6.tgz",
      "integrity": "sha512-sLI2L0uGov3wKVb9EB+vIQBl9tVP90nqRvxSoJ35vI3NjxE8jfsE5DSOhWgSunHSZmKS4OCi2jrtfxK7uyp2ww=="
    }
  }
}
