{
  "name": "vscode-html-languageserver",
  "version": "1.0.0",
  "lockfileVersion": 2,
  "requires": true,
  "packages": {
    "": {
      "name": "vscode-html-languageserver",
      "version": "1.0.0",
      "license": "MIT",
      "dependencies": {
        "typescript": "^2.7.1",
        "vscode-css-languageservice": "^4.0.2",
        "vscode-emmet-helper": "^1.2.15",
        "vscode-html-languageservice": "^3.0.2",
        "vscode-languageserver": "^4.0.0-next.4",
        "vscode-languageserver-types": "^3.14.0",
        "vscode-nls": "^4.1.1",
        "vscode-uri": "^1.0.6"
      },
      "devDependencies": {
        "@types/mocha": "2.2.33",
        "@types/node": "7.0.43"
      },
      "engines": {
        "node": "*"
      }
    },
    "node_modules/@emmetio/extract-abbreviation": {
      "version": "0.1.6",
      "resolved": "https://registry.npmjs.org/@emmetio/extract-abbreviation/-/extract-abbreviation-0.1.6.tgz",
      "integrity": "sha512-Ce3xE2JvTSEbASFbRbA1gAIcMcZWdS2yUYRaQbeM0nbOzaZrUYfa3ePtcriYRZOZmr+CkKA+zbjhvTpIOAYVcw=="
    },
    "node_modules/@types/mocha": {
      "version": "2.2.33",
      "resolved": "http://registry.npm.taobao.org/@types/mocha/download/@types/mocha-2.2.33.tgz",
      "integrity": "sha1-15oAYewnA3n02eIl9AlvtDZmne8=",
      "dev": true
    },
    "node_modules/@types/node": {
      "version": "7.0.43",
      "resolved": "http://registry.npm.taobao.org/@types/node/download/@types/node-7.0.43.tgz",
      "integrity": "sha1-oYfghJWgdfIAypRgeckU4aX+liw=",
      "dev": true
    },
    "node_modules/jsonc-parser": {
      "version": "1.0.3",
      "resolved": "https://registry.npmjs.org/jsonc-parser/-/jsonc-parser-1.0.3.tgz",
      "integrity": "sha512-hk/69oAeaIzchq/v3lS50PXuzn5O2ynldopMC+SWBql7J2WtdptfB9dy8Y7+Og5rPkTCpn83zTiO8FMcqlXJ/g=="
    },
    "node_modules/typescript": {
      "version": "2.7.1",
      "resolved": "https://registry.npmjs.org/typescript/-/typescript-2.7.1.tgz",
      "integrity": "sha512-bqB1yS6o9TNA9ZC/MJxM0FZzPnZdtHj0xWK/IZ5khzVqdpGul/R/EIiHRgFXlwTD7PSIaYVnGKq1QgMCu2mnqw==",
      "bin": {
        "tsc": "bin/tsc",
        "tsserver": "bin/tsserver"
      },
      "engines": {
        "node": ">=4.2.0"
      }
    },
    "node_modules/vscode-css-languageservice": {
      "version": "4.0.2",
      "resolved": "https://registry.npmjs.org/vscode-css-languageservice/-/vscode-css-languageservice-4.0.2.tgz",
      "integrity": "sha512-pTnfXbsME3pl+yDfhUp/mtvPyIJk0Le4zqJxDn56s9GY9LqY0RmkSEh0oHH6D0HXR3Ni6wKosIaqu8a2G0+jdw==",
      "dependencies": {
        "vscode-languageserver-types": "^3.15.0-next.2",
        "vscode-nls": "^4.1.1"
      }
    },
    "node_modules/vscode-css-languageservice/node_modules/vscode-languageserver-types": {
      "version": "3.15.0-next.2",
      "resolved": "https://registry.npmjs.org/vscode-languageserver-types/-/vscode-languageserver-types-3.15.0-next.2.tgz",
      "integrity": "sha512-2JkrMWWUi2rlVLSo9OFR2PIGUzdiowEM8NgNYiwLKnXTjpwpjjIrJbNNxDik7Rv4oo9KtikcFQZKXbrKilL/MQ=="
    },
    "node_modules/vscode-css-languageservice/node_modules/vscode-nls": {
      "version": "4.1.1",
      "resolved": "https://registry.npmjs.org/vscode-nls/-/vscode-nls-4.1.1.tgz",
      "integrity": "sha512-4R+2UoUUU/LdnMnFjePxfLqNhBS8lrAFyX7pjb2ud/lqDkrUavFUTcG7wR0HBZFakae0Q6KLBFjMS6W93F403A=="
    },
    "node_modules/vscode-emmet-helper": {
      "version": "1.2.15",
      "resolved": "https://registry.npmjs.org/vscode-emmet-helper/-/vscode-emmet-helper-1.2.15.tgz",
      "integrity": "sha512-JplvmMMWSvm/6/dZezix2ADPM49u6YahPYjs/QToohUpomW/2Eb27ecCrkCyOGBPfKLKGiOPHCssss8TSDA9ag==",
      "deprecated": "This package has been renamed to @vscode/emmet-helper, please update to the new name",
      "dependencies": {
        "@emmetio/extract-abbreviation": "0.1.6",
        "jsonc-parser": "^1.0.0",
        "vscode-languageserver-types": "^3.6.0-next.1"
      }
    },
    "node_modules/vscode-html-languageservice": {
      "version": "3.0.2",
      "resolved": "https://registry.npmjs.org/vscode-html-languageservice/-/vscode-html-languageservice-3.0.2.tgz",
      "integrity": "sha512-MP9al7nk1SqQwW4GdDy6Ec3UU1GKy0Wf4pzo3nQ5lgdScb2pajV7iyXZIGJk7jQbifkZWnG0jB7CKecTNFynJw==",
      "dependencies": {
        "vscode-languageserver-types": "^3.15.0-next.2",
        "vscode-nls": "^4.1.1",
        "vscode-uri": "^2.0.1"
      }
    },
    "node_modules/vscode-html-languageservice/node_modules/vscode-languageserver-types": {
      "version": "3.15.0-next.2",
      "resolved": "https://registry.npmjs.org/vscode-languageserver-types/-/vscode-languageserver-types-3.15.0-next.2.tgz",
      "integrity": "sha512-2JkrMWWUi2rlVLSo9OFR2PIGUzdiowEM8NgNYiwLKnXTjpwpjjIrJbNNxDik7Rv4oo9KtikcFQZKXbrKilL/MQ=="
    },
    "node_modules/vscode-html-languageservice/node_modules/vscode-nls": {
      "version": "4.1.1",
      "resolved": "https://registry.npmjs.org/vscode-nls/-/vscode-nls-4.1.1.tgz",
      "integrity": "sha512-4R+2UoUUU/LdnMnFjePxfLqNhBS8lrAFyX7pjb2ud/lqDkrUavFUTcG7wR0HBZFakae0Q6KLBFjMS6W93F403A=="
    },
    "node_modules/vscode-html-languageservice/node_modules/vscode-uri": {
      "version": "2.0.3",
      "resolved": "https://registry.npmjs.org/vscode-uri/-/vscode-uri-2.0.3.tgz",
      "integrity": "sha512-4D3DI3F4uRy09WNtDGD93H9q034OHImxiIcSq664Hq1Y1AScehlP3qqZyTkX/RWxeu0MRMHGkrxYqm2qlDF/aw=="
    },
    "node_modules/vscode-jsonrpc": {
      "version": "3.6.0-next.1",
      "resolved": "http://registry.npm.taobao.org/vscode-jsonrpc/download/vscode-jsonrpc-3.6.0-next.1.tgz",
      "integrity": "sha1-PLRj3/5YQtauwWcYypJScIzWqr4=",
      "engines": {
        "node": ">=4.0.0 || >=6.0.0"
      }
    },
    "node_modules/vscode-languageserver": {
      "version": "4.0.0-next.4",
      "resolved": "http://registry.npm.taobao.org/vscode-languageserver/download/vscode-languageserver-4.0.0-next.4.tgz",
      "integrity": "sha1-FiRAsVvtqrB+FnbwRuTZuFeLPZI=",
      "dependencies": {
        "vscode-languageserver-protocol": "^3.6.0-next.5",
        "vscode-uri": "^1.0.1"
      },
      "bin": {
        "installServerIntoExtension": "bin/installServerIntoExtension"
      }
    },
    "node_modules/vscode-languageserver-protocol": {
      "version": "3.6.0-next.5",
      "resolved": "http://registry.npm.taobao.org/vscode-languageserver-protocol/download/vscode-languageserver-protocol-3.6.0-next.5.tgz",
      "integrity": "sha1-7S7C23WYJvdTwKE5d9+yvtxNMbM=",
      "dependencies": {
        "vscode-jsonrpc": "^3.6.0-next.1",
        "vscode-languageserver-types": "^3.6.0-next.1"
      }
    },
    "node_modules/vscode-languageserver-types": {
      "version": "3.14.0",
      "resolved": "https://registry.npmjs.org/vscode-languageserver-types/-/vscode-languageserver-types-3.14.0.tgz",
      "integrity": "sha512-lTmS6AlAlMHOvPQemVwo3CezxBp0sNB95KNPkqp3Nxd5VFEnuG1ByM0zlRWos0zjO3ZWtkvhal0COgiV1xIA4A=="
    },
    "node_modules/vscode-languageserver/node_modules/vscode-uri": {
      "version": "1.0.8",
      "resolved": "https://registry.npmjs.org/vscode-uri/-/vscode-uri-1.0.8.tgz",
      "integrity": "sha512-obtSWTlbJ+a+TFRYGaUumtVwb+InIUVI0Lu0VBUAPmj2cU5JutEXg3xUE0c2J5Tcy7h2DEKVJBFi+Y9ZSFzzPQ=="
    },
    "node_modules/vscode-nls": {
      "version": "4.1.1",
      "resolved": "https://registry.npmjs.org/vscode-nls/-/vscode-nls-4.1.1.tgz",
      "integrity": "sha512-4R+2UoUUU/LdnMnFjePxfLqNhBS8lrAFyX7pjb2ud/lqDkrUavFUTcG7wR0HBZFakae0Q6KLBFjMS6W93F403A=="
    },
    "node_modules/vscode-uri": {
      "version": "1.0.8",
      "resolved": "https://registry.npmjs.org/vscode-uri/-/vscode-uri-1.0.8.tgz",
      "integrity": "sha512-obtSWTlbJ+a+TFRYGaUumtVwb+InIUVI0Lu0VBUAPmj2cU5JutEXg3xUE0c2J5Tcy7h2DEKVJBFi+Y9ZSFzzPQ=="
    }
  },
  "dependencies": {
    "@emmetio/extract-abbreviation": {
      "version": "0.1.6",
      "resolved": "https://registry.npmjs.org/@emmetio/extract-abbreviation/-/extract-abbreviation-0.1.6.tgz",
      "integrity": "sha512-Ce3xE2JvTSEbASFbRbA1gAIcMcZWdS2yUYRaQbeM0nbOzaZrUYfa3ePtcriYRZOZmr+CkKA+zbjhvTpIOAYVcw=="
    },
    "@types/mocha": {
      "version": "2.2.33",
      "resolved": "http://registry.npm.taobao.org/@types/mocha/download/@types/mocha-2.2.33.tgz",
      "integrity": "sha1-15oAYewnA3n02eIl9AlvtDZmne8=",
      "dev": true
    },
    "@types/node": {
      "version": "7.0.43",
      "resolved": "http://registry.npm.taobao.org/@types/node/download/@types/node-7.0.43.tgz",
      "integrity": "sha1-oYfghJWgdfIAypRgeckU4aX+liw=",
      "dev": true
    },
    "jsonc-parser": {
      "version": "1.0.3",
      "resolved": "https://registry.npmjs.org/jsonc-parser/-/jsonc-parser-1.0.3.tgz",
      "integrity": "sha512-hk/69oAeaIzchq/v3lS50PXuzn5O2ynldopMC+SWBql7J2WtdptfB9dy8Y7+Og5rPkTCpn83zTiO8FMcqlXJ/g=="
    },
    "typescript": {
      "version": "2.7.1",
      "resolved": "https://registry.npmjs.org/typescript/-/typescript-2.7.1.tgz",
      "integrity": "sha512-bqB1yS6o9TNA9ZC/MJxM0FZzPnZdtHj0xWK/IZ5khzVqdpGul/R/EIiHRgFXlwTD7PSIaYVnGKq1QgMCu2mnqw=="
    },
    "vscode-css-languageservice": {
      "version": "4.0.2",
      "resolved": "https://registry.npmjs.org/vscode-css-languageservice/-/vscode-css-languageservice-4.0.2.tgz",
      "integrity": "sha512-pTnfXbsME3pl+yDfhUp/mtvPyIJk0Le4zqJxDn56s9GY9LqY0RmkSEh0oHH6D0HXR3Ni6wKosIaqu8a2G0+jdw==",
      "requires": {
        "vscode-languageserver-types": "^3.15.0-next.2",
        "vscode-nls": "^4.1.1"
      },
      "dependencies": {
        "vscode-languageserver-types": {
          "version": "3.15.0-next.2",
          "resolved": "https://registry.npmjs.org/vscode-languageserver-types/-/vscode-languageserver-types-3.15.0-next.2.tgz",
          "integrity": "sha512-2JkrMWWUi2rlVLSo9OFR2PIGUzdiowEM8NgNYiwLKnXTjpwpjjIrJbNNxDik7Rv4oo9KtikcFQZKXbrKilL/MQ=="
        },
        "vscode-nls": {
          "version": "4.1.1",
          "resolved": "https://registry.npmjs.org/vscode-nls/-/vscode-nls-4.1.1.tgz",
          "integrity": "sha512-4R+2UoUUU/LdnMnFjePxfLqNhBS8lrAFyX7pjb2ud/lqDkrUavFUTcG7wR0HBZFakae0Q6KLBFjMS6W93F403A=="
        }
      }
    },
    "vscode-emmet-helper": {
      "version": "1.2.15",
      "resolved": "https://registry.npmjs.org/vscode-emmet-helper/-/vscode-emmet-helper-1.2.15.tgz",
      "integrity": "sha512-JplvmMMWSvm/6/dZezix2ADPM49u6YahPYjs/QToohUpomW/2Eb27ecCrkCyOGBPfKLKGiOPHCssss8TSDA9ag==",
      "requires": {
        "@emmetio/extract-abbreviation": "0.1.6",
        "jsonc-parser": "^1.0.0",
        "vscode-languageserver-types": "^3.6.0-next.1"
      }
    },
    "vscode-html-languageservice": {
      "version": "3.0.2",
      "resolved": "https://registry.npmjs.org/vscode-html-languageservice/-/vscode-html-languageservice-3.0.2.tgz",
      "integrity": "sha512-MP9al7nk1SqQwW4GdDy6Ec3UU1GKy0Wf4pzo3nQ5lgdScb2pajV7iyXZIGJk7jQbifkZWnG0jB7CKecTNFynJw==",
      "requires": {
        "vscode-languageserver-types": "^3.15.0-next.2",
        "vscode-nls": "^4.1.1",
        "vscode-uri": "^2.0.1"
      },
      "dependencies": {
        "vscode-languageserver-types": {
          "version": "3.15.0-next.2",
          "resolved": "https://registry.npmjs.org/vscode-languageserver-types/-/vscode-languageserver-types-3.15.0-next.2.tgz",
          "integrity": "sha512-2JkrMWWUi2rlVLSo9OFR2PIGUzdiowEM8NgNYiwLKnXTjpwpjjIrJbNNxDik7Rv4oo9KtikcFQZKXbrKilL/MQ=="
        },
        "vscode-nls": {
          "version": "4.1.1",
          "resolved": "https://registry.npmjs.org/vscode-nls/-/vscode-nls-4.1.1.tgz",
          "integrity": "sha512-4R+2UoUUU/LdnMnFjePxfLqNhBS8lrAFyX7pjb2ud/lqDkrUavFUTcG7wR0HBZFakae0Q6KLBFjMS6W93F403A=="
        },
        "vscode-uri": {
          "version": "2.0.3",
          "resolved": "https://registry.npmjs.org/vscode-uri/-/vscode-uri-2.0.3.tgz",
          "integrity": "sha512-4D3DI3F4uRy09WNtDGD93H9q034OHImxiIcSq664Hq1Y1AScehlP3qqZyTkX/RWxeu0MRMHGkrxYqm2qlDF/aw=="
        }
      }
    },
    "vscode-jsonrpc": {
      "version": "3.6.0-next.1",
      "resolved": "http://registry.npm.taobao.org/vscode-jsonrpc/download/vscode-jsonrpc-3.6.0-next.1.tgz",
      "integrity": "sha1-PLRj3/5YQtauwWcYypJScIzWqr4="
    },
    "vscode-languageserver": {
      "version": "4.0.0-next.4",
      "resolved": "http://registry.npm.taobao.org/vscode-languageserver/download/vscode-languageserver-4.0.0-next.4.tgz",
      "integrity": "sha1-FiRAsVvtqrB+FnbwRuTZuFeLPZI=",
      "requires": {
        "vscode-languageserver-protocol": "^3.6.0-next.5",
        "vscode-uri": "^1.0.1"
      },
      "dependencies": {
        "vscode-uri": {
          "version": "1.0.8",
          "resolved": "https://registry.npmjs.org/vscode-uri/-/vscode-uri-1.0.8.tgz",
          "integrity": "sha512-obtSWTlbJ+a+TFRYGaUumtVwb+InIUVI0Lu0VBUAPmj2cU5JutEXg3xUE0c2J5Tcy7h2DEKVJBFi+Y9ZSFzzPQ=="
        }
      }
    },
    "vscode-languageserver-protocol": {
      "version": "3.6.0-next.5",
      "resolved": "http://registry.npm.taobao.org/vscode-languageserver-protocol/download/vscode-languageserver-protocol-3.6.0-next.5.tgz",
      "integrity": "sha1-7S7C23WYJvdTwKE5d9+yvtxNMbM=",
      "requires": {
        "vscode-jsonrpc": "^3.6.0-next.1",
        "vscode-languageserver-types": "^3.6.0-next.1"
      }
    },
    "vscode-languageserver-types": {
      "version": "3.14.0",
      "resolved": "https://registry.npmjs.org/vscode-languageserver-types/-/vscode-languageserver-types-3.14.0.tgz",
      "integrity": "sha512-lTmS6AlAlMHOvPQemVwo3CezxBp0sNB95KNPkqp3Nxd5VFEnuG1ByM0zlRWos0zjO3ZWtkvhal0COgiV1xIA4A=="
    },
    "vscode-nls": {
      "version": "4.1.1",
      "resolved": "https://registry.npmjs.org/vscode-nls/-/vscode-nls-4.1.1.tgz",
      "integrity": "sha512-4R+2UoUUU/LdnMnFjePxfLqNhBS8lrAFyX7pjb2ud/lqDkrUavFUTcG7wR0HBZFakae0Q6KLBFjMS6W93F403A=="
    },
    "vscode-uri": {
      "version": "1.0.8",
      "resolved": "https://registry.npmjs.org/vscode-uri/-/vscode-uri-1.0.8.tgz",
      "integrity": "sha512-obtSWTlbJ+a+TFRYGaUumtVwb+InIUVI0Lu0VBUAPmj2cU5JutEXg3xUE0c2J5Tcy7h2DEKVJBFi+Y9ZSFzzPQ=="
    }
  }
}
